// !$*UTF8*$!
{
	archiveVersion = 1;
	classes = {
	};
	objectVersion = 56;
	objects = {

/* Begin PBXBuildFile section */
		3B1194E92CEDF35300FBC27F /* CoreDataManager.swift in Sources */ = {isa = PBXBuildFile; fileRef = 3B1194E82CEDF35300FBC27F /* CoreDataManager.swift */; };
		3B1194EC2CEDF37600FBC27F /* BookmarksDataModel.xcdatamodeld in Sources */ = {isa = PBXBuildFile; fileRef = 3B1194EA2CEDF37600FBC27F /* BookmarksDataModel.xcdatamodeld */; };
		3B1194EE2CEDFCBA00FBC27F /* InformationModal.swift in Sources */ = {isa = PBXBuildFile; fileRef = 3B1194ED2CEDFCBA00FBC27F /* InformationModal.swift */; };
		3B1194F22CEDFEFF00FBC27F /* CustomText.swift in Sources */ = {isa = PBXBuildFile; fileRef = 3B1194F12CEDFEFF00FBC27F /* CustomText.swift */; };
		3B1194F62CEE027700FBC27F /* BookmarksTab.swift in Sources */ = {isa = PBXBuildFile; fileRef = 3B1194F52CEE027700FBC27F /* BookmarksTab.swift */; };
		3B181F332CE6478700083F5E /* PinViewsModel.swift in Sources */ = {isa = PBXBuildFile; fileRef = 3B181F322CE6478700083F5E /* PinViewsModel.swift */; };
		3B56D0A32CE59FC7001BF220 /* MapModel.swift in Sources */ = {isa = PBXBuildFile; fileRef = 3B56D0A22CE59FC7001BF220 /* MapModel.swift */; };
		3B56D0A72CE5A04B001BF220 /* MapView.swift in Sources */ = {isa = PBXBuildFile; fileRef = 3B56D0A62CE5A04B001BF220 /* MapView.swift */; };
		3B56D0A92CE5C053001BF220 /* PinDetailView.swift in Sources */ = {isa = PBXBuildFile; fileRef = 3B56D0A82CE5C053001BF220 /* PinDetailView.swift */; };
		3B585CA42D03F19F000E8E6B /* GoogleGenerativeAI in Frameworks */ = {isa = PBXBuildFile; productRef = 3B585CA32D03F19F000E8E6B /* GoogleGenerativeAI */; };
		3B585CA62D03F1C0000E8E6B /* GenerativeAI-Info.plist in Resources */ = {isa = PBXBuildFile; fileRef = 3B585CA52D03F1C0000E8E6B /* GenerativeAI-Info.plist */; };
		3B585CA82D03F257000E8E6B /* GeminiAPIModel.swift in Sources */ = {isa = PBXBuildFile; fileRef = 3B585CA72D03F257000E8E6B /* GeminiAPIModel.swift */; };
		3B585CAA2D03F278000E8E6B /* AIChatView.swift in Sources */ = {isa = PBXBuildFile; fileRef = 3B585CA92D03F278000E8E6B /* AIChatView.swift */; };
		3B5BB5302CF54F2600EE28C2 /* LoadingAnimation.json in Resources */ = {isa = PBXBuildFile; fileRef = 3B5BB52F2CF54F2600EE28C2 /* LoadingAnimation.json */; };
		3B5BB5332CF54F8000EE28C2 /* LoadingAnimationView.swift in Sources */ = {isa = PBXBuildFile; fileRef = 3B5BB5322CF54F8000EE28C2 /* LoadingAnimationView.swift */; };
		3B5F9DDC2CE61D1C0033289D /* UIImageExtension.swift in Sources */ = {isa = PBXBuildFile; fileRef = 3B5F9DDB2CE61D1C0033289D /* UIImageExtension.swift */; };
		3B6C95A52CE6E0CC00097366 /* TourCardModel.swift in Sources */ = {isa = PBXBuildFile; fileRef = 3B6C95A42CE6E0CC00097366 /* TourCardModel.swift */; };
		3B6C95A72CE7073D00097366 /* TourCardViewModel.swift in Sources */ = {isa = PBXBuildFile; fileRef = 3B6C95A62CE7073D00097366 /* TourCardViewModel.swift */; };
		3B6C95AA2CE707B000097366 /* Alamofire in Frameworks */ = {isa = PBXBuildFile; productRef = 3B6C95A92CE707B000097366 /* Alamofire */; };
		3B6C95AC2CE709FA00097366 /* TourCardView.swift in Sources */ = {isa = PBXBuildFile; fileRef = 3B6C95AB2CE709FA00097366 /* TourCardView.swift */; };
		3B6C95AE2CE70A0900097366 /* TourCard.swift in Sources */ = {isa = PBXBuildFile; fileRef = 3B6C95AD2CE70A0900097366 /* TourCard.swift */; };
		3B6C95B12CE70A6300097366 /* PlaceImageView.swift in Sources */ = {isa = PBXBuildFile; fileRef = 3B6C95B02CE70A6300097366 /* PlaceImageView.swift */; };
		3B6C95B32CE7257100097366 /* GeocodingViewModel.swift in Sources */ = {isa = PBXBuildFile; fileRef = 3B6C95B22CE7257100097366 /* GeocodingViewModel.swift */; };
		3B7F69562CE5519E00518695 /* FirebaseFirestore in Frameworks */ = {isa = PBXBuildFile; productRef = 3B7F69552CE5519E00518695 /* FirebaseFirestore */; };
		3BA737E52CE7365200FFEACC /* LocationViewModel.swift in Sources */ = {isa = PBXBuildFile; fileRef = 3BA737E42CE7365200FFEACC /* LocationViewModel.swift */; };
		3BAB30242CE5C3FF009C368B /* FirebaseAuth in Frameworks */ = {isa = PBXBuildFile; productRef = 3BAB30232CE5C3FF009C368B /* FirebaseAuth */; };
		3BAB30262CE5C414009C368B /* FirebaseStorage in Frameworks */ = {isa = PBXBuildFile; productRef = 3BAB30252CE5C414009C368B /* FirebaseStorage */; };
		3BAB30282CE5C4B2009C368B /* GoogleService-Info.plist in Resources */ = {isa = PBXBuildFile; fileRef = 3BAB30272CE5C4B2009C368B /* GoogleService-Info.plist */; };
		3BAB302C2CE5C705009C368B /* AuthViewModel.swift in Sources */ = {isa = PBXBuildFile; fileRef = 3BAB302B2CE5C705009C368B /* AuthViewModel.swift */; };
		3BAB302F2CE5C7D8009C368B /* LoginView.swift in Sources */ = {isa = PBXBuildFile; fileRef = 3BAB302E2CE5C7D8009C368B /* LoginView.swift */; };
		3BAB30312CE5C7F3009C368B /* SignUpView.swift in Sources */ = {isa = PBXBuildFile; fileRef = 3BAB30302CE5C7F3009C368B /* SignUpView.swift */; };
		3BAF4B232CECD2A00045179C /* BackgroundModlfier.swift in Sources */ = {isa = PBXBuildFile; fileRef = 3BAF4B222CECD2A00045179C /* BackgroundModlfier.swift */; };
		3BB90DF22CF2FA0A000E0208 /* LoadingView.swift in Sources */ = {isa = PBXBuildFile; fileRef = 3BB90DF12CF2FA0A000E0208 /* LoadingView.swift */; };
		3BC2A0F62CE4CC650008DDA9 /* OshinokoApp.swift in Sources */ = {isa = PBXBuildFile; fileRef = 3BC2A0F52CE4CC650008DDA9 /* OshinokoApp.swift */; };
		3BC2A0F82CE4CC650008DDA9 /* ContentView.swift in Sources */ = {isa = PBXBuildFile; fileRef = 3BC2A0F72CE4CC650008DDA9 /* ContentView.swift */; };
		3BC2A0FA2CE4CC670008DDA9 /* Assets.xcassets in Resources */ = {isa = PBXBuildFile; fileRef = 3BC2A0F92CE4CC670008DDA9 /* Assets.xcassets */; };
		3BC2A0FD2CE4CC670008DDA9 /* Preview Assets.xcassets in Resources */ = {isa = PBXBuildFile; fileRef = 3BC2A0FC2CE4CC670008DDA9 /* Preview Assets.xcassets */; };
		3BC2A1072CE4CC670008DDA9 /* OshinokoTests.swift in Sources */ = {isa = PBXBuildFile; fileRef = 3BC2A1062CE4CC670008DDA9 /* OshinokoTests.swift */; };
		3BC2A1112CE4CC670008DDA9 /* OshinokoUITests.swift in Sources */ = {isa = PBXBuildFile; fileRef = 3BC2A1102CE4CC670008DDA9 /* OshinokoUITests.swift */; };
		3BC2A1132CE4CC670008DDA9 /* OshinokoUITestsLaunchTests.swift in Sources */ = {isa = PBXBuildFile; fileRef = 3BC2A1122CE4CC670008DDA9 /* OshinokoUITestsLaunchTests.swift */; };
		3BDECED02CE553A700700A7F /* Lottie in Frameworks */ = {isa = PBXBuildFile; productRef = 3BDECECF2CE553A700700A7F /* Lottie */; };
		3BE0701C2CE5DEA70032838F /* HomeView.swift in Sources */ = {isa = PBXBuildFile; fileRef = 3BE0701B2CE5DEA70032838F /* HomeView.swift */; };
		3BE0701E2CE5E9BF0032838F /* ChatModel.swift in Sources */ = {isa = PBXBuildFile; fileRef = 3BE0701D2CE5E9BF0032838F /* ChatModel.swift */; };
		3BE070222CE5E9FD0032838F /* UserModel.swift in Sources */ = {isa = PBXBuildFile; fileRef = 3BE070212CE5E9FD0032838F /* UserModel.swift */; };
		3BE070242CE5EA950032838F /* UserViewModel.swift in Sources */ = {isa = PBXBuildFile; fileRef = 3BE070232CE5EA950032838F /* UserViewModel.swift */; };
		3BF751C02CE5F046007B17D8 /* ChatViewModel.swift in Sources */ = {isa = PBXBuildFile; fileRef = 3BF751BF2CE5F046007B17D8 /* ChatViewModel.swift */; };
		3BF751C22CE5F061007B17D8 /* ChatView.swift in Sources */ = {isa = PBXBuildFile; fileRef = 3BF751C12CE5F061007B17D8 /* ChatView.swift */; };
		3BF751C52CE5F306007B17D8 /* ImagePicker.swift in Sources */ = {isa = PBXBuildFile; fileRef = 3BF751C42CE5F306007B17D8 /* ImagePicker.swift */; };
		F857781D2D040F9000543AEE /* ErrorAnimation.json in Resources */ = {isa = PBXBuildFile; fileRef = F857781C2D040F9000543AEE /* ErrorAnimation.json */; };
		F857781F2D040FA500543AEE /* ErrorAnimationView.swift in Sources */ = {isa = PBXBuildFile; fileRef = F857781E2D040FA500543AEE /* ErrorAnimationView.swift */; };
		F85778212D040FFD00543AEE /* ErrorView.swift in Sources */ = {isa = PBXBuildFile; fileRef = F85778202D040FFD00543AEE /* ErrorView.swift */; };
		F85778242D0419B600543AEE /* AddListAnimationView.swift in Sources */ = {isa = PBXBuildFile; fileRef = F85778232D0419B600543AEE /* AddListAnimationView.swift */; };
		F85778262D0419BF00543AEE /* AddList.json in Resources */ = {isa = PBXBuildFile; fileRef = F85778252D0419BF00543AEE /* AddList.json */; };
		F85778282D041BC400543AEE /* AddListView.swift in Sources */ = {isa = PBXBuildFile; fileRef = F85778272D041BC400543AEE /* AddListView.swift */; };
/* End PBXBuildFile section */

/* Begin PBXContainerItemProxy section */
		3BC2A1032CE4CC670008DDA9 /* PBXContainerItemProxy */ = {
			isa = PBXContainerItemProxy;
			containerPortal = 3BC2A0EA2CE4CC650008DDA9 /* Project object */;
			proxyType = 1;
			remoteGlobalIDString = 3BC2A0F12CE4CC650008DDA9;
			remoteInfo = Oshinoko;
		};
		3BC2A10D2CE4CC670008DDA9 /* PBXContainerItemProxy */ = {
			isa = PBXContainerItemProxy;
			containerPortal = 3BC2A0EA2CE4CC650008DDA9 /* Project object */;
			proxyType = 1;
			remoteGlobalIDString = 3BC2A0F12CE4CC650008DDA9;
			remoteInfo = Oshinoko;
		};
/* End PBXContainerItemProxy section */

/* Begin PBXFileReference section */
		3B1194E82CEDF35300FBC27F /* CoreDataManager.swift */ = {isa = PBXFileReference; fileEncoding = 4; lastKnownFileType = sourcecode.swift; path = CoreDataManager.swift; sourceTree = "<group>"; };
		3B1194EB2CEDF37600FBC27F /* BookmarkModel.xcdatamodel */ = {isa = PBXFileReference; lastKnownFileType = wrapper.xcdatamodel; path = BookmarkModel.xcdatamodel; sourceTree = "<group>"; };
		3B1194ED2CEDFCBA00FBC27F /* InformationModal.swift */ = {isa = PBXFileReference; lastKnownFileType = sourcecode.swift; path = InformationModal.swift; sourceTree = "<group>"; };
		3B1194F12CEDFEFF00FBC27F /* CustomText.swift */ = {isa = PBXFileReference; lastKnownFileType = sourcecode.swift; path = CustomText.swift; sourceTree = "<group>"; };
		3B1194F52CEE027700FBC27F /* BookmarksTab.swift */ = {isa = PBXFileReference; lastKnownFileType = sourcecode.swift; path = BookmarksTab.swift; sourceTree = "<group>"; };
		3B181F322CE6478700083F5E /* PinViewsModel.swift */ = {isa = PBXFileReference; fileEncoding = 4; lastKnownFileType = sourcecode.swift; name = PinViewsModel.swift; path = Oshinoko/ViewModels/PinViewsModel.swift; sourceTree = SOURCE_ROOT; };
		3B56D0A22CE59FC7001BF220 /* MapModel.swift */ = {isa = PBXFileReference; lastKnownFileType = sourcecode.swift; path = MapModel.swift; sourceTree = "<group>"; };
		3B56D0A62CE5A04B001BF220 /* MapView.swift */ = {isa = PBXFileReference; lastKnownFileType = sourcecode.swift; path = MapView.swift; sourceTree = "<group>"; };
		3B56D0A82CE5C053001BF220 /* PinDetailView.swift */ = {isa = PBXFileReference; lastKnownFileType = sourcecode.swift; path = PinDetailView.swift; sourceTree = "<group>"; };
		3B585CA52D03F1C0000E8E6B /* GenerativeAI-Info.plist */ = {isa = PBXFileReference; lastKnownFileType = text.plist.xml; path = "GenerativeAI-Info.plist"; sourceTree = "<group>"; };
		3B585CA72D03F257000E8E6B /* GeminiAPIModel.swift */ = {isa = PBXFileReference; lastKnownFileType = sourcecode.swift; path = GeminiAPIModel.swift; sourceTree = "<group>"; };
		3B585CA92D03F278000E8E6B /* AIChatView.swift */ = {isa = PBXFileReference; lastKnownFileType = sourcecode.swift; path = AIChatView.swift; sourceTree = "<group>"; };
		3B5BB52F2CF54F2600EE28C2 /* LoadingAnimation.json */ = {isa = PBXFileReference; fileEncoding = 4; lastKnownFileType = text.json; path = LoadingAnimation.json; sourceTree = "<group>"; };
		3B5BB5322CF54F8000EE28C2 /* LoadingAnimationView.swift */ = {isa = PBXFileReference; lastKnownFileType = sourcecode.swift; path = LoadingAnimationView.swift; sourceTree = "<group>"; };
		3B5F9DDB2CE61D1C0033289D /* UIImageExtension.swift */ = {isa = PBXFileReference; lastKnownFileType = sourcecode.swift; path = UIImageExtension.swift; sourceTree = "<group>"; };
		3B6C95A42CE6E0CC00097366 /* TourCardModel.swift */ = {isa = PBXFileReference; lastKnownFileType = sourcecode.swift; path = TourCardModel.swift; sourceTree = "<group>"; };
		3B6C95A62CE7073D00097366 /* TourCardViewModel.swift */ = {isa = PBXFileReference; lastKnownFileType = sourcecode.swift; path = TourCardViewModel.swift; sourceTree = "<group>"; };
		3B6C95AB2CE709FA00097366 /* TourCardView.swift */ = {isa = PBXFileReference; lastKnownFileType = sourcecode.swift; path = TourCardView.swift; sourceTree = "<group>"; };
		3B6C95AD2CE70A0900097366 /* TourCard.swift */ = {isa = PBXFileReference; lastKnownFileType = sourcecode.swift; path = TourCard.swift; sourceTree = "<group>"; };
		3B6C95B02CE70A6300097366 /* PlaceImageView.swift */ = {isa = PBXFileReference; lastKnownFileType = sourcecode.swift; path = PlaceImageView.swift; sourceTree = "<group>"; };
		3B6C95B22CE7257100097366 /* GeocodingViewModel.swift */ = {isa = PBXFileReference; lastKnownFileType = sourcecode.swift; path = GeocodingViewModel.swift; sourceTree = "<group>"; };
		3BA737E42CE7365200FFEACC /* LocationViewModel.swift */ = {isa = PBXFileReference; lastKnownFileType = sourcecode.swift; path = LocationViewModel.swift; sourceTree = "<group>"; };
		3BAB30272CE5C4B2009C368B /* GoogleService-Info.plist */ = {isa = PBXFileReference; fileEncoding = 4; lastKnownFileType = text.plist.xml; path = "GoogleService-Info.plist"; sourceTree = "<group>"; };
		3BAB302B2CE5C705009C368B /* AuthViewModel.swift */ = {isa = PBXFileReference; lastKnownFileType = sourcecode.swift; path = AuthViewModel.swift; sourceTree = "<group>"; };
		3BAB302E2CE5C7D8009C368B /* LoginView.swift */ = {isa = PBXFileReference; lastKnownFileType = sourcecode.swift; path = LoginView.swift; sourceTree = "<group>"; };
		3BAB30302CE5C7F3009C368B /* SignUpView.swift */ = {isa = PBXFileReference; lastKnownFileType = sourcecode.swift; path = SignUpView.swift; sourceTree = "<group>"; };
		3BAF4B222CECD2A00045179C /* BackgroundModlfier.swift */ = {isa = PBXFileReference; lastKnownFileType = sourcecode.swift; path = BackgroundModlfier.swift; sourceTree = "<group>"; };
		3BB90DF12CF2FA0A000E0208 /* LoadingView.swift */ = {isa = PBXFileReference; lastKnownFileType = sourcecode.swift; path = LoadingView.swift; sourceTree = "<group>"; };
		3BC2A0F22CE4CC650008DDA9 /* Oshinoko.app */ = {isa = PBXFileReference; explicitFileType = wrapper.application; includeInIndex = 0; path = Oshinoko.app; sourceTree = BUILT_PRODUCTS_DIR; };
		3BC2A0F52CE4CC650008DDA9 /* OshinokoApp.swift */ = {isa = PBXFileReference; lastKnownFileType = sourcecode.swift; path = OshinokoApp.swift; sourceTree = "<group>"; };
		3BC2A0F72CE4CC650008DDA9 /* ContentView.swift */ = {isa = PBXFileReference; lastKnownFileType = sourcecode.swift; path = ContentView.swift; sourceTree = "<group>"; };
		3BC2A0F92CE4CC670008DDA9 /* Assets.xcassets */ = {isa = PBXFileReference; lastKnownFileType = folder.assetcatalog; path = Assets.xcassets; sourceTree = "<group>"; };
		3BC2A0FC2CE4CC670008DDA9 /* Preview Assets.xcassets */ = {isa = PBXFileReference; lastKnownFileType = folder.assetcatalog; path = "Preview Assets.xcassets"; sourceTree = "<group>"; };
		3BC2A1022CE4CC670008DDA9 /* OshinokoTests.xctest */ = {isa = PBXFileReference; explicitFileType = wrapper.cfbundle; includeInIndex = 0; path = OshinokoTests.xctest; sourceTree = BUILT_PRODUCTS_DIR; };
		3BC2A1062CE4CC670008DDA9 /* OshinokoTests.swift */ = {isa = PBXFileReference; lastKnownFileType = sourcecode.swift; path = OshinokoTests.swift; sourceTree = "<group>"; };
		3BC2A10C2CE4CC670008DDA9 /* OshinokoUITests.xctest */ = {isa = PBXFileReference; explicitFileType = wrapper.cfbundle; includeInIndex = 0; path = OshinokoUITests.xctest; sourceTree = BUILT_PRODUCTS_DIR; };
		3BC2A1102CE4CC670008DDA9 /* OshinokoUITests.swift */ = {isa = PBXFileReference; lastKnownFileType = sourcecode.swift; path = OshinokoUITests.swift; sourceTree = "<group>"; };
		3BC2A1122CE4CC670008DDA9 /* OshinokoUITestsLaunchTests.swift */ = {isa = PBXFileReference; lastKnownFileType = sourcecode.swift; path = OshinokoUITestsLaunchTests.swift; sourceTree = "<group>"; };
		3BE0701B2CE5DEA70032838F /* HomeView.swift */ = {isa = PBXFileReference; lastKnownFileType = sourcecode.swift; path = HomeView.swift; sourceTree = "<group>"; };
		3BE0701D2CE5E9BF0032838F /* ChatModel.swift */ = {isa = PBXFileReference; lastKnownFileType = sourcecode.swift; path = ChatModel.swift; sourceTree = "<group>"; };
		3BE070212CE5E9FD0032838F /* UserModel.swift */ = {isa = PBXFileReference; lastKnownFileType = sourcecode.swift; path = UserModel.swift; sourceTree = "<group>"; };
		3BE070232CE5EA950032838F /* UserViewModel.swift */ = {isa = PBXFileReference; lastKnownFileType = sourcecode.swift; path = UserViewModel.swift; sourceTree = "<group>"; };
		3BF751BF2CE5F046007B17D8 /* ChatViewModel.swift */ = {isa = PBXFileReference; lastKnownFileType = sourcecode.swift; path = ChatViewModel.swift; sourceTree = "<group>"; };
		3BF751C12CE5F061007B17D8 /* ChatView.swift */ = {isa = PBXFileReference; lastKnownFileType = sourcecode.swift; path = ChatView.swift; sourceTree = "<group>"; };
		3BF751C42CE5F306007B17D8 /* ImagePicker.swift */ = {isa = PBXFileReference; lastKnownFileType = sourcecode.swift; path = ImagePicker.swift; sourceTree = "<group>"; };
		F857781C2D040F9000543AEE /* ErrorAnimation.json */ = {isa = PBXFileReference; fileEncoding = 4; lastKnownFileType = text.json; path = ErrorAnimation.json; sourceTree = "<group>"; };
		F857781E2D040FA500543AEE /* ErrorAnimationView.swift */ = {isa = PBXFileReference; lastKnownFileType = sourcecode.swift; path = ErrorAnimationView.swift; sourceTree = "<group>"; };
		F85778202D040FFD00543AEE /* ErrorView.swift */ = {isa = PBXFileReference; lastKnownFileType = sourcecode.swift; path = ErrorView.swift; sourceTree = "<group>"; };
		F85778232D0419B600543AEE /* AddListAnimationView.swift */ = {isa = PBXFileReference; lastKnownFileType = sourcecode.swift; path = AddListAnimationView.swift; sourceTree = "<group>"; };
		F85778252D0419BF00543AEE /* AddList.json */ = {isa = PBXFileReference; fileEncoding = 4; lastKnownFileType = text.json; path = AddList.json; sourceTree = "<group>"; };
		F85778272D041BC400543AEE /* AddListView.swift */ = {isa = PBXFileReference; lastKnownFileType = sourcecode.swift; path = AddListView.swift; sourceTree = "<group>"; };
/* End PBXFileReference section */

/* Begin PBXFrameworksBuildPhase section */
		3BC2A0EF2CE4CC650008DDA9 /* Frameworks */ = {
			isa = PBXFrameworksBuildPhase;
			buildActionMask = 2147483647;
			files = (
				3B6C95AA2CE707B000097366 /* Alamofire in Frameworks */,
				3B7F69562CE5519E00518695 /* FirebaseFirestore in Frameworks */,
				3BAB30262CE5C414009C368B /* FirebaseStorage in Frameworks */,
				3B585CA42D03F19F000E8E6B /* GoogleGenerativeAI in Frameworks */,
				3BAB30242CE5C3FF009C368B /* FirebaseAuth in Frameworks */,
				3BDECED02CE553A700700A7F /* Lottie in Frameworks */,
			);
			runOnlyForDeploymentPostprocessing = 0;
		};
		3BC2A0FF2CE4CC670008DDA9 /* Frameworks */ = {
			isa = PBXFrameworksBuildPhase;
			buildActionMask = 2147483647;
			files = (
			);
			runOnlyForDeploymentPostprocessing = 0;
		};
		3BC2A1092CE4CC670008DDA9 /* Frameworks */ = {
			isa = PBXFrameworksBuildPhase;
			buildActionMask = 2147483647;
			files = (
			);
			runOnlyForDeploymentPostprocessing = 0;
		};
/* End PBXFrameworksBuildPhase section */

/* Begin PBXGroup section */
		3B2E302E2CE4DB56001F3553 /* Models */ = {
			isa = PBXGroup;
			children = (
				3B56D0A22CE59FC7001BF220 /* MapModel.swift */,
				3BE0701D2CE5E9BF0032838F /* ChatModel.swift */,
				3BE070212CE5E9FD0032838F /* UserModel.swift */,
				3B6C95A42CE6E0CC00097366 /* TourCardModel.swift */,
				3B1194EA2CEDF37600FBC27F /* BookmarksDataModel.xcdatamodeld */,
				3B585CA72D03F257000E8E6B /* GeminiAPIModel.swift */,
			);
			path = Models;
			sourceTree = "<group>";
		};
		3B2E302F2CE4DB68001F3553 /* ViewModels */ = {
			isa = PBXGroup;
			children = (
				3BAB302B2CE5C705009C368B /* AuthViewModel.swift */,
				3BE070232CE5EA950032838F /* UserViewModel.swift */,
				3BF751BF2CE5F046007B17D8 /* ChatViewModel.swift */,
				3B1194E82CEDF35300FBC27F /* CoreDataManager.swift */,
				3B181F322CE6478700083F5E /* PinViewsModel.swift */,
				3B6C95A62CE7073D00097366 /* TourCardViewModel.swift */,
				3B6C95B22CE7257100097366 /* GeocodingViewModel.swift */,
				3BA737E42CE7365200FFEACC /* LocationViewModel.swift */,
			);
			path = ViewModels;
			sourceTree = "<group>";
		};
		3B2E30302CE4DB7D001F3553 /* Views */ = {
			isa = PBXGroup;
			children = (
				F85778222D04199200543AEE /* AddListAnimation */,
				F857781B2D040F7D00543AEE /* ErrorAnimaiton */,
				3B5BB5312CF54F3100EE28C2 /* LoadingAnimation */,
				3B6C95AF2CE70A1D00097366 /* TourCard */,
				3BAB302D2CE5C7C1009C368B /* Auth */,
				3B56D0A62CE5A04B001BF220 /* MapView.swift */,
				3BB90DF12CF2FA0A000E0208 /* LoadingView.swift */,
				3B585CA92D03F278000E8E6B /* AIChatView.swift */,
				3B56D0A82CE5C053001BF220 /* PinDetailView.swift */,
				3BE0701B2CE5DEA70032838F /* HomeView.swift */,
				3B1194F52CEE027700FBC27F /* BookmarksTab.swift */,
				3B1194ED2CEDFCBA00FBC27F /* InformationModal.swift */,
				3BF751C12CE5F061007B17D8 /* ChatView.swift */,
				3BC2A0F72CE4CC650008DDA9 /* ContentView.swift */,
				3BAF4B222CECD2A00045179C /* BackgroundModlfier.swift */,
				3B1194F12CEDFEFF00FBC27F /* CustomText.swift */,
			);
			path = Views;
			sourceTree = "<group>";
		};
		3B2E30312CE4DB9C001F3553 /* Extensions */ = {
			isa = PBXGroup;
			children = (
			);
			path = Extensions;
			sourceTree = "<group>";
		};
		3B5BB5312CF54F3100EE28C2 /* LoadingAnimation */ = {
			isa = PBXGroup;
			children = (
				3B5BB52F2CF54F2600EE28C2 /* LoadingAnimation.json */,
				3B5BB5322CF54F8000EE28C2 /* LoadingAnimationView.swift */,
			);
			path = LoadingAnimation;
			sourceTree = "<group>";
		};
		3B6C95AF2CE70A1D00097366 /* TourCard */ = {
			isa = PBXGroup;
			children = (
				3B6C95AB2CE709FA00097366 /* TourCardView.swift */,
				3B6C95AD2CE70A0900097366 /* TourCard.swift */,
				3B6C95B02CE70A6300097366 /* PlaceImageView.swift */,
			);
			path = TourCard;
			sourceTree = "<group>";
		};
		3B7F69542CE5519E00518695 /* Frameworks */ = {
			isa = PBXGroup;
			children = (
			);
			name = Frameworks;
			sourceTree = "<group>";
		};
		3BAB302D2CE5C7C1009C368B /* Auth */ = {
			isa = PBXGroup;
			children = (
				3BAB302E2CE5C7D8009C368B /* LoginView.swift */,
				3BAB30302CE5C7F3009C368B /* SignUpView.swift */,
				F85778202D040FFD00543AEE /* ErrorView.swift */,
				F85778272D041BC400543AEE /* AddListView.swift */,
			);
			path = Auth;
			sourceTree = "<group>";
		};
		3BC2A0E92CE4CC650008DDA9 = {
			isa = PBXGroup;
			children = (
				3B585CA52D03F1C0000E8E6B /* GenerativeAI-Info.plist */,
				3BAB30272CE5C4B2009C368B /* GoogleService-Info.plist */,
				3BC2A0F42CE4CC650008DDA9 /* Oshinoko */,
				3BC2A1052CE4CC670008DDA9 /* OshinokoTests */,
				3BC2A10F2CE4CC670008DDA9 /* OshinokoUITests */,
				3BC2A0F32CE4CC650008DDA9 /* Products */,
				3B7F69542CE5519E00518695 /* Frameworks */,
			);
			sourceTree = "<group>";
		};
		3BC2A0F32CE4CC650008DDA9 /* Products */ = {
			isa = PBXGroup;
			children = (
				3BC2A0F22CE4CC650008DDA9 /* Oshinoko.app */,
				3BC2A1022CE4CC670008DDA9 /* OshinokoTests.xctest */,
				3BC2A10C2CE4CC670008DDA9 /* OshinokoUITests.xctest */,
			);
			name = Products;
			sourceTree = "<group>";
		};
		3BC2A0F42CE4CC650008DDA9 /* Oshinoko */ = {
			isa = PBXGroup;
			children = (
				3BC2A0F52CE4CC650008DDA9 /* OshinokoApp.swift */,
				3B2E302E2CE4DB56001F3553 /* Models */,
				3B2E302F2CE4DB68001F3553 /* ViewModels */,
				3B2E30302CE4DB7D001F3553 /* Views */,
				3BF751C32CE5F2EF007B17D8 /* Util */,
				3B2E30312CE4DB9C001F3553 /* Extensions */,
				3BC2A0F92CE4CC670008DDA9 /* Assets.xcassets */,
				3BC2A0FB2CE4CC670008DDA9 /* Preview Content */,
			);
			path = Oshinoko;
			sourceTree = "<group>";
		};
		3BC2A0FB2CE4CC670008DDA9 /* Preview Content */ = {
			isa = PBXGroup;
			children = (
				3BC2A0FC2CE4CC670008DDA9 /* Preview Assets.xcassets */,
			);
			path = "Preview Content";
			sourceTree = "<group>";
		};
		3BC2A1052CE4CC670008DDA9 /* OshinokoTests */ = {
			isa = PBXGroup;
			children = (
				3BC2A1062CE4CC670008DDA9 /* OshinokoTests.swift */,
			);
			path = OshinokoTests;
			sourceTree = "<group>";
		};
		3BC2A10F2CE4CC670008DDA9 /* OshinokoUITests */ = {
			isa = PBXGroup;
			children = (
				3BC2A1102CE4CC670008DDA9 /* OshinokoUITests.swift */,
				3BC2A1122CE4CC670008DDA9 /* OshinokoUITestsLaunchTests.swift */,
			);
			path = OshinokoUITests;
			sourceTree = "<group>";
		};
		3BF751C32CE5F2EF007B17D8 /* Util */ = {
			isa = PBXGroup;
			children = (
				3BF751C42CE5F306007B17D8 /* ImagePicker.swift */,
				3B5F9DDB2CE61D1C0033289D /* UIImageExtension.swift */,
			);
			path = Util;
			sourceTree = "<group>";
		};
		F857781B2D040F7D00543AEE /* ErrorAnimaiton */ = {
			isa = PBXGroup;
			children = (
				F857781C2D040F9000543AEE /* ErrorAnimation.json */,
				F857781E2D040FA500543AEE /* ErrorAnimationView.swift */,
			);
			path = ErrorAnimaiton;
			sourceTree = "<group>";
		};
		F85778222D04199200543AEE /* AddListAnimation */ = {
			isa = PBXGroup;
			children = (
				F85778252D0419BF00543AEE /* AddList.json */,
				F85778232D0419B600543AEE /* AddListAnimationView.swift */,
			);
			path = AddListAnimation;
			sourceTree = "<group>";
		};
/* End PBXGroup section */

/* Begin PBXNativeTarget section */
		3BC2A0F12CE4CC650008DDA9 /* Oshinoko */ = {
			isa = PBXNativeTarget;
			buildConfigurationList = 3BC2A1162CE4CC670008DDA9 /* Build configuration list for PBXNativeTarget "Oshinoko" */;
			buildPhases = (
				3BC2A0EE2CE4CC650008DDA9 /* Sources */,
				3BC2A0EF2CE4CC650008DDA9 /* Frameworks */,
				3BC2A0F02CE4CC650008DDA9 /* Resources */,
			);
			buildRules = (
			);
			dependencies = (
			);
			name = Oshinoko;
			packageProductDependencies = (
				3B7F69552CE5519E00518695 /* FirebaseFirestore */,
				3BDECECF2CE553A700700A7F /* Lottie */,
				3BAB30232CE5C3FF009C368B /* FirebaseAuth */,
				3BAB30252CE5C414009C368B /* FirebaseStorage */,
				3B6C95A92CE707B000097366 /* Alamofire */,
				3B585CA32D03F19F000E8E6B /* GoogleGenerativeAI */,
			);
			productName = Oshinoko;
			productReference = 3BC2A0F22CE4CC650008DDA9 /* Oshinoko.app */;
			productType = "com.apple.product-type.application";
		};
		3BC2A1012CE4CC670008DDA9 /* OshinokoTests */ = {
			isa = PBXNativeTarget;
			buildConfigurationList = 3BC2A1192CE4CC670008DDA9 /* Build configuration list for PBXNativeTarget "OshinokoTests" */;
			buildPhases = (
				3BC2A0FE2CE4CC670008DDA9 /* Sources */,
				3BC2A0FF2CE4CC670008DDA9 /* Frameworks */,
				3BC2A1002CE4CC670008DDA9 /* Resources */,
			);
			buildRules = (
			);
			dependencies = (
				3BC2A1042CE4CC670008DDA9 /* PBXTargetDependency */,
			);
			name = OshinokoTests;
			productName = OshinokoTests;
			productReference = 3BC2A1022CE4CC670008DDA9 /* OshinokoTests.xctest */;
			productType = "com.apple.product-type.bundle.unit-test";
		};
		3BC2A10B2CE4CC670008DDA9 /* OshinokoUITests */ = {
			isa = PBXNativeTarget;
			buildConfigurationList = 3BC2A11C2CE4CC670008DDA9 /* Build configuration list for PBXNativeTarget "OshinokoUITests" */;
			buildPhases = (
				3BC2A1082CE4CC670008DDA9 /* Sources */,
				3BC2A1092CE4CC670008DDA9 /* Frameworks */,
				3BC2A10A2CE4CC670008DDA9 /* Resources */,
			);
			buildRules = (
			);
			dependencies = (
				3BC2A10E2CE4CC670008DDA9 /* PBXTargetDependency */,
			);
			name = OshinokoUITests;
			productName = OshinokoUITests;
			productReference = 3BC2A10C2CE4CC670008DDA9 /* OshinokoUITests.xctest */;
			productType = "com.apple.product-type.bundle.ui-testing";
		};
/* End PBXNativeTarget section */

/* Begin PBXProject section */
		3BC2A0EA2CE4CC650008DDA9 /* Project object */ = {
			isa = PBXProject;
			attributes = {
				BuildIndependentTargetsInParallel = 1;
				LastSwiftUpdateCheck = 1540;
				LastUpgradeCheck = 1540;
				TargetAttributes = {
					3BC2A0F12CE4CC650008DDA9 = {
						CreatedOnToolsVersion = 15.4;
					};
					3BC2A1012CE4CC670008DDA9 = {
						CreatedOnToolsVersion = 15.4;
						TestTargetID = 3BC2A0F12CE4CC650008DDA9;
					};
					3BC2A10B2CE4CC670008DDA9 = {
						CreatedOnToolsVersion = 15.4;
						TestTargetID = 3BC2A0F12CE4CC650008DDA9;
					};
				};
			};
			buildConfigurationList = 3BC2A0ED2CE4CC650008DDA9 /* Build configuration list for PBXProject "Oshinoko" */;
			compatibilityVersion = "Xcode 14.0";
			developmentRegion = en;
			hasScannedForEncodings = 0;
			knownRegions = (
				en,
				Base,
			);
			mainGroup = 3BC2A0E92CE4CC650008DDA9;
			packageReferences = (
				3B7F69532CE5513000518695 /* XCRemoteSwiftPackageReference "firebase-ios-sdk" */,
				3BDECECE2CE5538200700A7F /* XCRemoteSwiftPackageReference "lottie-ios" */,
				3B6C95A82CE7076D00097366 /* XCRemoteSwiftPackageReference "Alamofire" */,
				3B585CA22D03F18A000E8E6B /* XCRemoteSwiftPackageReference "generative-ai-swift" */,
			);
			productRefGroup = 3BC2A0F32CE4CC650008DDA9 /* Products */;
			projectDirPath = "";
			projectRoot = "";
			targets = (
				3BC2A0F12CE4CC650008DDA9 /* Oshinoko */,
				3BC2A1012CE4CC670008DDA9 /* OshinokoTests */,
				3BC2A10B2CE4CC670008DDA9 /* OshinokoUITests */,
			);
		};
/* End PBXProject section */

/* Begin PBXResourcesBuildPhase section */
		3BC2A0F02CE4CC650008DDA9 /* Resources */ = {
			isa = PBXResourcesBuildPhase;
			buildActionMask = 2147483647;
			files = (
				3BC2A0FD2CE4CC670008DDA9 /* Preview Assets.xcassets in Resources */,
				F85778262D0419BF00543AEE /* AddList.json in Resources */,
				3B585CA62D03F1C0000E8E6B /* GenerativeAI-Info.plist in Resources */,
				3BC2A0FA2CE4CC670008DDA9 /* Assets.xcassets in Resources */,
				F857781D2D040F9000543AEE /* ErrorAnimation.json in Resources */,
				3B5BB5302CF54F2600EE28C2 /* LoadingAnimation.json in Resources */,
				3BAB30282CE5C4B2009C368B /* GoogleService-Info.plist in Resources */,
			);
			runOnlyForDeploymentPostprocessing = 0;
		};
		3BC2A1002CE4CC670008DDA9 /* Resources */ = {
			isa = PBXResourcesBuildPhase;
			buildActionMask = 2147483647;
			files = (
			);
			runOnlyForDeploymentPostprocessing = 0;
		};
		3BC2A10A2CE4CC670008DDA9 /* Resources */ = {
			isa = PBXResourcesBuildPhase;
			buildActionMask = 2147483647;
			files = (
			);
			runOnlyForDeploymentPostprocessing = 0;
		};
/* End PBXResourcesBuildPhase section */

/* Begin PBXSourcesBuildPhase section */
		3BC2A0EE2CE4CC650008DDA9 /* Sources */ = {
			isa = PBXSourcesBuildPhase;
			buildActionMask = 2147483647;
			files = (
				3B1194EE2CEDFCBA00FBC27F /* InformationModal.swift in Sources */,
				3B6C95AE2CE70A0900097366 /* TourCard.swift in Sources */,
				3B56D0A92CE5C053001BF220 /* PinDetailView.swift in Sources */,
				3BC2A0F82CE4CC650008DDA9 /* ContentView.swift in Sources */,
				3B6C95B32CE7257100097366 /* GeocodingViewModel.swift in Sources */,
				3BB90DF22CF2FA0A000E0208 /* LoadingView.swift in Sources */,
				3B1194F62CEE027700FBC27F /* BookmarksTab.swift in Sources */,
				F85778212D040FFD00543AEE /* ErrorView.swift in Sources */,
				3BF751C52CE5F306007B17D8 /* ImagePicker.swift in Sources */,
				3BAB302F2CE5C7D8009C368B /* LoginView.swift in Sources */,
				F85778282D041BC400543AEE /* AddListView.swift in Sources */,
				3B5BB5332CF54F8000EE28C2 /* LoadingAnimationView.swift in Sources */,
				3B1194EC2CEDF37600FBC27F /* BookmarksDataModel.xcdatamodeld in Sources */,
				3B6C95A52CE6E0CC00097366 /* TourCardModel.swift in Sources */,
				3BC2A0F62CE4CC650008DDA9 /* OshinokoApp.swift in Sources */,
				3B1194F22CEDFEFF00FBC27F /* CustomText.swift in Sources */,
				3BE0701C2CE5DEA70032838F /* HomeView.swift in Sources */,
				3BAB302C2CE5C705009C368B /* AuthViewModel.swift in Sources */,
				3BAB30312CE5C7F3009C368B /* SignUpView.swift in Sources */,
				3B6C95AC2CE709FA00097366 /* TourCardView.swift in Sources */,
				F85778242D0419B600543AEE /* AddListAnimationView.swift in Sources */,
				3B6C95A72CE7073D00097366 /* TourCardViewModel.swift in Sources */,
				3BE070222CE5E9FD0032838F /* UserModel.swift in Sources */,
				3B56D0A72CE5A04B001BF220 /* MapView.swift in Sources */,
				3BA737E52CE7365200FFEACC /* LocationViewModel.swift in Sources */,
				3B6C95B12CE70A6300097366 /* PlaceImageView.swift in Sources */,
				3BF751C02CE5F046007B17D8 /* ChatViewModel.swift in Sources */,
				3B585CA82D03F257000E8E6B /* GeminiAPIModel.swift in Sources */,
				3B56D0A32CE59FC7001BF220 /* MapModel.swift in Sources */,
				3BF751C22CE5F061007B17D8 /* ChatView.swift in Sources */,
				3B181F332CE6478700083F5E /* PinViewsModel.swift in Sources */,
				3BAF4B232CECD2A00045179C /* BackgroundModlfier.swift in Sources */,
				3BE070242CE5EA950032838F /* UserViewModel.swift in Sources */,
				3B5F9DDC2CE61D1C0033289D /* UIImageExtension.swift in Sources */,
				3B1194E92CEDF35300FBC27F /* CoreDataManager.swift in Sources */,
				3B585CAA2D03F278000E8E6B /* AIChatView.swift in Sources */,
				F857781F2D040FA500543AEE /* ErrorAnimationView.swift in Sources */,
				3BE0701E2CE5E9BF0032838F /* ChatModel.swift in Sources */,
			);
			runOnlyForDeploymentPostprocessing = 0;
		};
		3BC2A0FE2CE4CC670008DDA9 /* Sources */ = {
			isa = PBXSourcesBuildPhase;
			buildActionMask = 2147483647;
			files = (
				3BC2A1072CE4CC670008DDA9 /* OshinokoTests.swift in Sources */,
			);
			runOnlyForDeploymentPostprocessing = 0;
		};
		3BC2A1082CE4CC670008DDA9 /* Sources */ = {
			isa = PBXSourcesBuildPhase;
			buildActionMask = 2147483647;
			files = (
				3BC2A1132CE4CC670008DDA9 /* OshinokoUITestsLaunchTests.swift in Sources */,
				3BC2A1112CE4CC670008DDA9 /* OshinokoUITests.swift in Sources */,
			);
			runOnlyForDeploymentPostprocessing = 0;
		};
/* End PBXSourcesBuildPhase section */

/* Begin PBXTargetDependency section */
		3BC2A1042CE4CC670008DDA9 /* PBXTargetDependency */ = {
			isa = PBXTargetDependency;
			target = 3BC2A0F12CE4CC650008DDA9 /* Oshinoko */;
			targetProxy = 3BC2A1032CE4CC670008DDA9 /* PBXContainerItemProxy */;
		};
		3BC2A10E2CE4CC670008DDA9 /* PBXTargetDependency */ = {
			isa = PBXTargetDependency;
			target = 3BC2A0F12CE4CC650008DDA9 /* Oshinoko */;
			targetProxy = 3BC2A10D2CE4CC670008DDA9 /* PBXContainerItemProxy */;
		};
/* End PBXTargetDependency section */

/* Begin XCBuildConfiguration section */
		3BC2A1142CE4CC670008DDA9 /* Debug */ = {
			isa = XCBuildConfiguration;
			buildSettings = {
				ALWAYS_SEARCH_USER_PATHS = NO;
				ASSETCATALOG_COMPILER_GENERATE_SWIFT_ASSET_SYMBOL_EXTENSIONS = YES;
				CLANG_ANALYZER_NONNULL = YES;
				CLANG_ANALYZER_NUMBER_OBJECT_CONVERSION = YES_AGGRESSIVE;
				CLANG_CXX_LANGUAGE_STANDARD = "gnu++20";
				CLANG_ENABLE_MODULES = YES;
				CLANG_ENABLE_OBJC_ARC = YES;
				CLANG_ENABLE_OBJC_WEAK = YES;
				CLANG_WARN_BLOCK_CAPTURE_AUTORELEASING = YES;
				CLANG_WARN_BOOL_CONVERSION = YES;
				CLANG_WARN_COMMA = YES;
				CLANG_WARN_CONSTANT_CONVERSION = YES;
				CLANG_WARN_DEPRECATED_OBJC_IMPLEMENTATIONS = YES;
				CLANG_WARN_DIRECT_OBJC_ISA_USAGE = YES_ERROR;
				CLANG_WARN_DOCUMENTATION_COMMENTS = YES;
				CLANG_WARN_EMPTY_BODY = YES;
				CLANG_WARN_ENUM_CONVERSION = YES;
				CLANG_WARN_INFINITE_RECURSION = YES;
				CLANG_WARN_INT_CONVERSION = YES;
				CLANG_WARN_NON_LITERAL_NULL_CONVERSION = YES;
				CLANG_WARN_OBJC_IMPLICIT_RETAIN_SELF = YES;
				CLANG_WARN_OBJC_LITERAL_CONVERSION = YES;
				CLANG_WARN_OBJC_ROOT_CLASS = YES_ERROR;
				CLANG_WARN_QUOTED_INCLUDE_IN_FRAMEWORK_HEADER = YES;
				CLANG_WARN_RANGE_LOOP_ANALYSIS = YES;
				CLANG_WARN_STRICT_PROTOTYPES = YES;
				CLANG_WARN_SUSPICIOUS_MOVE = YES;
				CLANG_WARN_UNGUARDED_AVAILABILITY = YES_AGGRESSIVE;
				CLANG_WARN_UNREACHABLE_CODE = YES;
				CLANG_WARN__DUPLICATE_METHOD_MATCH = YES;
				COPY_PHASE_STRIP = NO;
				DEBUG_INFORMATION_FORMAT = dwarf;
				ENABLE_STRICT_OBJC_MSGSEND = YES;
				ENABLE_TESTABILITY = YES;
				ENABLE_USER_SCRIPT_SANDBOXING = YES;
				GCC_C_LANGUAGE_STANDARD = gnu17;
				GCC_DYNAMIC_NO_PIC = NO;
				GCC_NO_COMMON_BLOCKS = YES;
				GCC_OPTIMIZATION_LEVEL = 0;
				GCC_PREPROCESSOR_DEFINITIONS = (
					"DEBUG=1",
					"$(inherited)",
				);
				GCC_WARN_64_TO_32_BIT_CONVERSION = YES;
				GCC_WARN_ABOUT_RETURN_TYPE = YES_ERROR;
				GCC_WARN_UNDECLARED_SELECTOR = YES;
				GCC_WARN_UNINITIALIZED_AUTOS = YES_AGGRESSIVE;
				GCC_WARN_UNUSED_FUNCTION = YES;
				GCC_WARN_UNUSED_VARIABLE = YES;
				IPHONEOS_DEPLOYMENT_TARGET = 17.5;
				LOCALIZATION_PREFERS_STRING_CATALOGS = YES;
				MTL_ENABLE_DEBUG_INFO = INCLUDE_SOURCE;
				MTL_FAST_MATH = YES;
				ONLY_ACTIVE_ARCH = YES;
				SDKROOT = iphoneos;
				SWIFT_ACTIVE_COMPILATION_CONDITIONS = "DEBUG $(inherited)";
				SWIFT_OPTIMIZATION_LEVEL = "-Onone";
			};
			name = Debug;
		};
		3BC2A1152CE4CC670008DDA9 /* Release */ = {
			isa = XCBuildConfiguration;
			buildSettings = {
				ALWAYS_SEARCH_USER_PATHS = NO;
				ASSETCATALOG_COMPILER_GENERATE_SWIFT_ASSET_SYMBOL_EXTENSIONS = YES;
				CLANG_ANALYZER_NONNULL = YES;
				CLANG_ANALYZER_NUMBER_OBJECT_CONVERSION = YES_AGGRESSIVE;
				CLANG_CXX_LANGUAGE_STANDARD = "gnu++20";
				CLANG_ENABLE_MODULES = YES;
				CLANG_ENABLE_OBJC_ARC = YES;
				CLANG_ENABLE_OBJC_WEAK = YES;
				CLANG_WARN_BLOCK_CAPTURE_AUTORELEASING = YES;
				CLANG_WARN_BOOL_CONVERSION = YES;
				CLANG_WARN_COMMA = YES;
				CLANG_WARN_CONSTANT_CONVERSION = YES;
				CLANG_WARN_DEPRECATED_OBJC_IMPLEMENTATIONS = YES;
				CLANG_WARN_DIRECT_OBJC_ISA_USAGE = YES_ERROR;
				CLANG_WARN_DOCUMENTATION_COMMENTS = YES;
				CLANG_WARN_EMPTY_BODY = YES;
				CLANG_WARN_ENUM_CONVERSION = YES;
				CLANG_WARN_INFINITE_RECURSION = YES;
				CLANG_WARN_INT_CONVERSION = YES;
				CLANG_WARN_NON_LITERAL_NULL_CONVERSION = YES;
				CLANG_WARN_OBJC_IMPLICIT_RETAIN_SELF = YES;
				CLANG_WARN_OBJC_LITERAL_CONVERSION = YES;
				CLANG_WARN_OBJC_ROOT_CLASS = YES_ERROR;
				CLANG_WARN_QUOTED_INCLUDE_IN_FRAMEWORK_HEADER = YES;
				CLANG_WARN_RANGE_LOOP_ANALYSIS = YES;
				CLANG_WARN_STRICT_PROTOTYPES = YES;
				CLANG_WARN_SUSPICIOUS_MOVE = YES;
				CLANG_WARN_UNGUARDED_AVAILABILITY = YES_AGGRESSIVE;
				CLANG_WARN_UNREACHABLE_CODE = YES;
				CLANG_WARN__DUPLICATE_METHOD_MATCH = YES;
				COPY_PHASE_STRIP = NO;
				DEBUG_INFORMATION_FORMAT = "dwarf-with-dsym";
				ENABLE_NS_ASSERTIONS = NO;
				ENABLE_STRICT_OBJC_MSGSEND = YES;
				ENABLE_USER_SCRIPT_SANDBOXING = YES;
				GCC_C_LANGUAGE_STANDARD = gnu17;
				GCC_NO_COMMON_BLOCKS = YES;
				GCC_WARN_64_TO_32_BIT_CONVERSION = YES;
				GCC_WARN_ABOUT_RETURN_TYPE = YES_ERROR;
				GCC_WARN_UNDECLARED_SELECTOR = YES;
				GCC_WARN_UNINITIALIZED_AUTOS = YES_AGGRESSIVE;
				GCC_WARN_UNUSED_FUNCTION = YES;
				GCC_WARN_UNUSED_VARIABLE = YES;
				IPHONEOS_DEPLOYMENT_TARGET = 17.5;
				LOCALIZATION_PREFERS_STRING_CATALOGS = YES;
				MTL_ENABLE_DEBUG_INFO = NO;
				MTL_FAST_MATH = YES;
				SDKROOT = iphoneos;
				SWIFT_COMPILATION_MODE = wholemodule;
				VALIDATE_PRODUCT = YES;
			};
			name = Release;
		};
		3BC2A1172CE4CC670008DDA9 /* Debug */ = {
			isa = XCBuildConfiguration;
			buildSettings = {
				ASSETCATALOG_COMPILER_APPICON_NAME = AppIcon;
				ASSETCATALOG_COMPILER_GLOBAL_ACCENT_COLOR_NAME = AccentColor;
				CODE_SIGN_IDENTITY = "Apple Development";
				CODE_SIGN_STYLE = Automatic;
				CURRENT_PROJECT_VERSION = 1;
				DEVELOPMENT_ASSET_PATHS = "\"Oshinoko/Preview Content\"";
				DEVELOPMENT_TEAM = 922N7TF68N;
				ENABLE_PREVIEWS = YES;
				GENERATE_INFOPLIST_FILE = YES;
				INFOPLIST_KEY_NSLocationAlwaysUsageDescription = "バックグラウンドで位置を取得します";
				INFOPLIST_KEY_NSLocationWhenInUseUsageDescription = "位置を取得します";
				INFOPLIST_KEY_UIApplicationSceneManifest_Generation = YES;
				INFOPLIST_KEY_UIApplicationSupportsIndirectInputEvents = YES;
				INFOPLIST_KEY_UILaunchScreen_Generation = YES;
				INFOPLIST_KEY_UISupportedInterfaceOrientations_iPad = "UIInterfaceOrientationPortrait UIInterfaceOrientationPortraitUpsideDown UIInterfaceOrientationLandscapeLeft UIInterfaceOrientationLandscapeRight";
				INFOPLIST_KEY_UISupportedInterfaceOrientations_iPhone = "UIInterfaceOrientationPortrait UIInterfaceOrientationLandscapeLeft UIInterfaceOrientationLandscapeRight";
				INFOPLIST_KEY_UIUserInterfaceStyle = Light;
				LD_RUNPATH_SEARCH_PATHS = (
					"$(inherited)",
					"@executable_path/Frameworks",
				);
				MARKETING_VERSION = 1.0;
				PRODUCT_BUNDLE_IDENTIFIER = com.erichan.Oshinokoa;
				PRODUCT_NAME = "$(TARGET_NAME)";
				PROVISIONING_PROFILE_SPECIFIER = "";
				SWIFT_EMIT_LOC_STRINGS = YES;
				SWIFT_VERSION = 5.0;
				TARGETED_DEVICE_FAMILY = "1,2";
			};
			name = Debug;
		};
		3BC2A1182CE4CC670008DDA9 /* Release */ = {
			isa = XCBuildConfiguration;
			buildSettings = {
				ASSETCATALOG_COMPILER_APPICON_NAME = AppIcon;
				ASSETCATALOG_COMPILER_GLOBAL_ACCENT_COLOR_NAME = AccentColor;
				CODE_SIGN_IDENTITY = "Apple Development";
				CODE_SIGN_STYLE = Automatic;
				CURRENT_PROJECT_VERSION = 1;
				DEVELOPMENT_ASSET_PATHS = "\"Oshinoko/Preview Content\"";
				DEVELOPMENT_TEAM = 922N7TF68N;
				ENABLE_PREVIEWS = YES;
				GENERATE_INFOPLIST_FILE = YES;
				INFOPLIST_KEY_NSLocationAlwaysUsageDescription = "バックグラウンドで位置を取得します";
				INFOPLIST_KEY_NSLocationWhenInUseUsageDescription = "位置を取得します";
				INFOPLIST_KEY_UIApplicationSceneManifest_Generation = YES;
				INFOPLIST_KEY_UIApplicationSupportsIndirectInputEvents = YES;
				INFOPLIST_KEY_UILaunchScreen_Generation = YES;
				INFOPLIST_KEY_UISupportedInterfaceOrientations_iPad = "UIInterfaceOrientationPortrait UIInterfaceOrientationPortraitUpsideDown UIInterfaceOrientationLandscapeLeft UIInterfaceOrientationLandscapeRight";
				INFOPLIST_KEY_UISupportedInterfaceOrientations_iPhone = "UIInterfaceOrientationPortrait UIInterfaceOrientationLandscapeLeft UIInterfaceOrientationLandscapeRight";
				INFOPLIST_KEY_UIUserInterfaceStyle = Light;
				LD_RUNPATH_SEARCH_PATHS = (
					"$(inherited)",
					"@executable_path/Frameworks",
				);
				MARKETING_VERSION = 1.0;
				PRODUCT_BUNDLE_IDENTIFIER = com.erichan.Oshinokoa;
				PRODUCT_NAME = "$(TARGET_NAME)";
				PROVISIONING_PROFILE_SPECIFIER = "";
				SWIFT_EMIT_LOC_STRINGS = YES;
				SWIFT_VERSION = 5.0;
				TARGETED_DEVICE_FAMILY = "1,2";
			};
			name = Release;
		};
		3BC2A11A2CE4CC670008DDA9 /* Debug */ = {
			isa = XCBuildConfiguration;
			buildSettings = {
				ALWAYS_EMBED_SWIFT_STANDARD_LIBRARIES = YES;
				BUNDLE_LOADER = "$(TEST_HOST)";
				CODE_SIGN_STYLE = Automatic;
				CURRENT_PROJECT_VERSION = 1;
				DEVELOPMENT_TEAM = 922N7TF68N;
				GENERATE_INFOPLIST_FILE = YES;
				IPHONEOS_DEPLOYMENT_TARGET = 17.5;
				MARKETING_VERSION = 1.0;
				PRODUCT_BUNDLE_IDENTIFIER = erichan.OshinokoTests;
				PRODUCT_NAME = "$(TARGET_NAME)";
				SWIFT_EMIT_LOC_STRINGS = NO;
				SWIFT_VERSION = 5.0;
				TARGETED_DEVICE_FAMILY = "1,2";
				TEST_HOST = "$(BUILT_PRODUCTS_DIR)/Oshinoko.app/$(BUNDLE_EXECUTABLE_FOLDER_PATH)/Oshinoko";
			};
			name = Debug;
		};
		3BC2A11B2CE4CC670008DDA9 /* Release */ = {
			isa = XCBuildConfiguration;
			buildSettings = {
				ALWAYS_EMBED_SWIFT_STANDARD_LIBRARIES = YES;
				BUNDLE_LOADER = "$(TEST_HOST)";
				CODE_SIGN_STYLE = Automatic;
				CURRENT_PROJECT_VERSION = 1;
				DEVELOPMENT_TEAM = 922N7TF68N;
				GENERATE_INFOPLIST_FILE = YES;
				IPHONEOS_DEPLOYMENT_TARGET = 17.5;
				MARKETING_VERSION = 1.0;
				PRODUCT_BUNDLE_IDENTIFIER = erichan.OshinokoTests;
				PRODUCT_NAME = "$(TARGET_NAME)";
				SWIFT_EMIT_LOC_STRINGS = NO;
				SWIFT_VERSION = 5.0;
				TARGETED_DEVICE_FAMILY = "1,2";
				TEST_HOST = "$(BUILT_PRODUCTS_DIR)/Oshinoko.app/$(BUNDLE_EXECUTABLE_FOLDER_PATH)/Oshinoko";
			};
			name = Release;
		};
		3BC2A11D2CE4CC670008DDA9 /* Debug */ = {
			isa = XCBuildConfiguration;
			buildSettings = {
				ALWAYS_EMBED_SWIFT_STANDARD_LIBRARIES = YES;
				CODE_SIGN_STYLE = Automatic;
				CURRENT_PROJECT_VERSION = 1;
				DEVELOPMENT_TEAM = 922N7TF68N;
				GENERATE_INFOPLIST_FILE = YES;
				MARKETING_VERSION = 1.0;
				PRODUCT_BUNDLE_IDENTIFIER = erichan.OshinokoUITests;
				PRODUCT_NAME = "$(TARGET_NAME)";
				SWIFT_EMIT_LOC_STRINGS = NO;
				SWIFT_VERSION = 5.0;
				TARGETED_DEVICE_FAMILY = "1,2";
				TEST_TARGET_NAME = Oshinoko;
			};
			name = Debug;
		};
		3BC2A11E2CE4CC670008DDA9 /* Release */ = {
			isa = XCBuildConfiguration;
			buildSettings = {
				ALWAYS_EMBED_SWIFT_STANDARD_LIBRARIES = YES;
				CODE_SIGN_STYLE = Automatic;
				CURRENT_PROJECT_VERSION = 1;
				DEVELOPMENT_TEAM = 922N7TF68N;
				GENERATE_INFOPLIST_FILE = YES;
				MARKETING_VERSION = 1.0;
				PRODUCT_BUNDLE_IDENTIFIER = erichan.OshinokoUITests;
				PRODUCT_NAME = "$(TARGET_NAME)";
				SWIFT_EMIT_LOC_STRINGS = NO;
				SWIFT_VERSION = 5.0;
				TARGETED_DEVICE_FAMILY = "1,2";
				TEST_TARGET_NAME = Oshinoko;
			};
			name = Release;
		};
/* End XCBuildConfiguration section */

/* Begin XCConfigurationList section */
		3BC2A0ED2CE4CC650008DDA9 /* Build configuration list for PBXProject "Oshinoko" */ = {
			isa = XCConfigurationList;
			buildConfigurations = (
				3BC2A1142CE4CC670008DDA9 /* Debug */,
				3BC2A1152CE4CC670008DDA9 /* Release */,
			);
			defaultConfigurationIsVisible = 0;
			defaultConfigurationName = Release;
		};
		3BC2A1162CE4CC670008DDA9 /* Build configuration list for PBXNativeTarget "Oshinoko" */ = {
			isa = XCConfigurationList;
			buildConfigurations = (
				3BC2A1172CE4CC670008DDA9 /* Debug */,
				3BC2A1182CE4CC670008DDA9 /* Release */,
			);
			defaultConfigurationIsVisible = 0;
			defaultConfigurationName = Release;
		};
		3BC2A1192CE4CC670008DDA9 /* Build configuration list for PBXNativeTarget "OshinokoTests" */ = {
			isa = XCConfigurationList;
			buildConfigurations = (
				3BC2A11A2CE4CC670008DDA9 /* Debug */,
				3BC2A11B2CE4CC670008DDA9 /* Release */,
			);
			defaultConfigurationIsVisible = 0;
			defaultConfigurationName = Release;
		};
		3BC2A11C2CE4CC670008DDA9 /* Build configuration list for PBXNativeTarget "OshinokoUITests" */ = {
			isa = XCConfigurationList;
			buildConfigurations = (
				3BC2A11D2CE4CC670008DDA9 /* Debug */,
				3BC2A11E2CE4CC670008DDA9 /* Release */,
			);
			defaultConfigurationIsVisible = 0;
			defaultConfigurationName = Release;
		};
/* End XCConfigurationList section */

/* Begin XCRemoteSwiftPackageReference section */
		3B585CA22D03F18A000E8E6B /* XCRemoteSwiftPackageReference "generative-ai-swift" */ = {
			isa = XCRemoteSwiftPackageReference;
			repositoryURL = "https://github.com/google/generative-ai-swift";
			requirement = {
				kind = upToNextMajorVersion;
				minimumVersion = 0.5.6;
			};
		};
		3B6C95A82CE7076D00097366 /* XCRemoteSwiftPackageReference "Alamofire" */ = {
			isa = XCRemoteSwiftPackageReference;
			repositoryURL = "https://github.com/Alamofire/Alamofire.git";
			requirement = {
				kind = upToNextMajorVersion;
				minimumVersion = 5.10.1;
			};
		};
		3B7F69532CE5513000518695 /* XCRemoteSwiftPackageReference "firebase-ios-sdk" */ = {
			isa = XCRemoteSwiftPackageReference;
			repositoryURL = "https://github.com/firebase/firebase-ios-sdk";
			requirement = {
				kind = upToNextMajorVersion;
				minimumVersion = 11.5.0;
			};
		};
		3BDECECE2CE5538200700A7F /* XCRemoteSwiftPackageReference "lottie-ios" */ = {
			isa = XCRemoteSwiftPackageReference;
			repositoryURL = "https://github.com/airbnb/lottie-ios";
			requirement = {
				kind = upToNextMajorVersion;
				minimumVersion = 4.5.0;
			};
		};
/* End XCRemoteSwiftPackageReference section */

/* Begin XCSwiftPackageProductDependency section */
		3B585CA32D03F19F000E8E6B /* GoogleGenerativeAI */ = {
			isa = XCSwiftPackageProductDependency;
			package = 3B585CA22D03F18A000E8E6B /* XCRemoteSwiftPackageReference "generative-ai-swift" */;
			productName = GoogleGenerativeAI;
		};
		3B6C95A92CE707B000097366 /* Alamofire */ = {
			isa = XCSwiftPackageProductDependency;
			package = 3B6C95A82CE7076D00097366 /* XCRemoteSwiftPackageReference "Alamofire" */;
			productName = Alamofire;
		};
		3B7F69552CE5519E00518695 /* FirebaseFirestore */ = {
			isa = XCSwiftPackageProductDependency;
			package = 3B7F69532CE5513000518695 /* XCRemoteSwiftPackageReference "firebase-ios-sdk" */;
			productName = FirebaseFirestore;
		};
		3BAB30232CE5C3FF009C368B /* FirebaseAuth */ = {
			isa = XCSwiftPackageProductDependency;
			package = 3B7F69532CE5513000518695 /* XCRemoteSwiftPackageReference "firebase-ios-sdk" */;
			productName = FirebaseAuth;
		};
		3BAB30252CE5C414009C368B /* FirebaseStorage */ = {
			isa = XCSwiftPackageProductDependency;
			package = 3B7F69532CE5513000518695 /* XCRemoteSwiftPackageReference "firebase-ios-sdk" */;
			productName = FirebaseStorage;
		};
		3BDECECF2CE553A700700A7F /* Lottie */ = {
			isa = XCSwiftPackageProductDependency;
			package = 3BDECECE2CE5538200700A7F /* XCRemoteSwiftPackageReference "lottie-ios" */;
			productName = Lottie;
		};
/* End XCSwiftPackageProductDependency section */

/* Begin XCVersionGroup section */
		3B1194EA2CEDF37600FBC27F /* BookmarksDataModel.xcdatamodeld */ = {
			isa = XCVersionGroup;
			children = (
				3B1194EB2CEDF37600FBC27F /* BookmarkModel.xcdatamodel */,
			);
			currentVersion = 3B1194EB2CEDF37600FBC27F /* BookmarkModel.xcdatamodel */;
			path = BookmarksDataModel.xcdatamodeld;
			sourceTree = "<group>";
			versionGroupType = wrapper.xcdatamodel;
		};
/* End XCVersionGroup section */
	};
	rootObject = 3BC2A0EA2CE4CC650008DDA9 /* Project object */;
}
